// !$*UTF8*$!
{
	archiveVersion = 1;
	classes = {
	};
	objectVersion = 51;
	objects = {

/* Begin PBXBuildFile section */
		3F1CE21924E50F600069C15B /* ScoreViewController.swift in Sources */ = {isa = PBXBuildFile; fileRef = 3F1CE21824E50F600069C15B /* ScoreViewController.swift */; };
		3F35863E24DDD74300077AB0 /* AppDelegate.swift in Sources */ = {isa = PBXBuildFile; fileRef = 3F35863D24DDD74300077AB0 /* AppDelegate.swift */; };
		3F35864024DDD74300077AB0 /* SceneDelegate.swift in Sources */ = {isa = PBXBuildFile; fileRef = 3F35863F24DDD74300077AB0 /* SceneDelegate.swift */; };
		3F35864224DDD74300077AB0 /* FirstViewController.swift in Sources */ = {isa = PBXBuildFile; fileRef = 3F35864124DDD74300077AB0 /* FirstViewController.swift */; };
		3F35864424DDD74300077AB0 /* SecondViewController.swift in Sources */ = {isa = PBXBuildFile; fileRef = 3F35864324DDD74300077AB0 /* SecondViewController.swift */; };
		3F35864724DDD74300077AB0 /* Main.storyboard in Resources */ = {isa = PBXBuildFile; fileRef = 3F35864524DDD74300077AB0 /* Main.storyboard */; };
		3F35864924DDD74A00077AB0 /* Assets.xcassets in Resources */ = {isa = PBXBuildFile; fileRef = 3F35864824DDD74A00077AB0 /* Assets.xcassets */; };
		3F35864C24DDD74A00077AB0 /* LaunchScreen.storyboard in Resources */ = {isa = PBXBuildFile; fileRef = 3F35864A24DDD74A00077AB0 /* LaunchScreen.storyboard */; };
		3F35865424DEA9BF00077AB0 /* LocationViewController.swift in Sources */ = {isa = PBXBuildFile; fileRef = 3F35865324DEA9BF00077AB0 /* LocationViewController.swift */; };
		3F35865624DEB59600077AB0 /* PerillaViewController.swift in Sources */ = {isa = PBXBuildFile; fileRef = 3F35865524DEB59600077AB0 /* PerillaViewController.swift */; };
		3FAC39EC24E26E0E00584639 /* RatePerillaViewController.swift in Sources */ = {isa = PBXBuildFile; fileRef = 3FAC39EB24E26E0E00584639 /* RatePerillaViewController.swift */; };
		427E1070191014A46DF934B4 /* Pods_SafeBites.framework in Frameworks */ = {isa = PBXBuildFile; fileRef = F25E5DE2FAE03D8F7854D8C1 /* Pods_SafeBites.framework */; };
		AC57EC6A2526A1D900C362DD /* nameTableViewCell.swift in Sources */ = {isa = PBXBuildFile; fileRef = AC57EC692526A1D900C362DD /* nameTableViewCell.swift */; };
		ACEFAAF72536B090006F9CE8 /* CustomSlider.swift in Sources */ = {isa = PBXBuildFile; fileRef = ACEFAAF62536B090006F9CE8 /* CustomSlider.swift */; };
		ACEFAAFB253799E8006F9CE8 /* GoogleService-Info.plist in Resources */ = {isa = PBXBuildFile; fileRef = ACEFAAFA253799E8006F9CE8 /* GoogleService-Info.plist */; };
/* End PBXBuildFile section */

/* Begin PBXFileReference section */
		0248B50C2B5B1383EA470F0E /* Pods-SafeBites.release.xcconfig */ = {isa = PBXFileReference; includeInIndex = 1; lastKnownFileType = text.xcconfig; name = "Pods-SafeBites.release.xcconfig"; path = "Target Support Files/Pods-SafeBites/Pods-SafeBites.release.xcconfig"; sourceTree = "<group>"; };
		3F1CE21824E50F600069C15B /* ScoreViewController.swift */ = {isa = PBXFileReference; lastKnownFileType = sourcecode.swift; path = ScoreViewController.swift; sourceTree = "<group>"; };
		3F35863A24DDD74300077AB0 /* SafeBites.app */ = {isa = PBXFileReference; explicitFileType = wrapper.application; includeInIndex = 0; path = SafeBites.app; sourceTree = BUILT_PRODUCTS_DIR; };
		3F35863D24DDD74300077AB0 /* AppDelegate.swift */ = {isa = PBXFileReference; lastKnownFileType = sourcecode.swift; path = AppDelegate.swift; sourceTree = "<group>"; };
		3F35863F24DDD74300077AB0 /* SceneDelegate.swift */ = {isa = PBXFileReference; lastKnownFileType = sourcecode.swift; path = SceneDelegate.swift; sourceTree = "<group>"; };
		3F35864124DDD74300077AB0 /* FirstViewController.swift */ = {isa = PBXFileReference; lastKnownFileType = sourcecode.swift; path = FirstViewController.swift; sourceTree = "<group>"; };
		3F35864324DDD74300077AB0 /* SecondViewController.swift */ = {isa = PBXFileReference; lastKnownFileType = sourcecode.swift; path = SecondViewController.swift; sourceTree = "<group>"; };
		3F35864624DDD74300077AB0 /* Base */ = {isa = PBXFileReference; lastKnownFileType = file.storyboard; name = Base; path = Base.lproj/Main.storyboard; sourceTree = "<group>"; };
		3F35864824DDD74A00077AB0 /* Assets.xcassets */ = {isa = PBXFileReference; lastKnownFileType = folder.assetcatalog; path = Assets.xcassets; sourceTree = "<group>"; };
		3F35864B24DDD74A00077AB0 /* Base */ = {isa = PBXFileReference; lastKnownFileType = file.storyboard; name = Base; path = Base.lproj/LaunchScreen.storyboard; sourceTree = "<group>"; };
		3F35864D24DDD74A00077AB0 /* Info.plist */ = {isa = PBXFileReference; lastKnownFileType = text.plist.xml; path = Info.plist; sourceTree = "<group>"; };
		3F35865324DEA9BF00077AB0 /* LocationViewController.swift */ = {isa = PBXFileReference; lastKnownFileType = sourcecode.swift; path = LocationViewController.swift; sourceTree = "<group>"; };
		3F35865524DEB59600077AB0 /* PerillaViewController.swift */ = {isa = PBXFileReference; lastKnownFileType = sourcecode.swift; path = PerillaViewController.swift; sourceTree = "<group>"; };
		3FAC39EB24E26E0E00584639 /* RatePerillaViewController.swift */ = {isa = PBXFileReference; lastKnownFileType = sourcecode.swift; path = RatePerillaViewController.swift; sourceTree = "<group>"; };
		AC57EC692526A1D900C362DD /* nameTableViewCell.swift */ = {isa = PBXFileReference; lastKnownFileType = sourcecode.swift; path = nameTableViewCell.swift; sourceTree = "<group>"; };
		ACEFAAF62536B090006F9CE8 /* CustomSlider.swift */ = {isa = PBXFileReference; lastKnownFileType = sourcecode.swift; path = CustomSlider.swift; sourceTree = "<group>"; };
		ACEFAAFA253799E8006F9CE8 /* GoogleService-Info.plist */ = {isa = PBXFileReference; fileEncoding = 4; lastKnownFileType = text.plist.xml; path = "GoogleService-Info.plist"; sourceTree = "<group>"; };
		C80711B229A0BED9F1D8625C /* Pods-SafeBites.debug.xcconfig */ = {isa = PBXFileReference; includeInIndex = 1; lastKnownFileType = text.xcconfig; name = "Pods-SafeBites.debug.xcconfig"; path = "Target Support Files/Pods-SafeBites/Pods-SafeBites.debug.xcconfig"; sourceTree = "<group>"; };
		F25E5DE2FAE03D8F7854D8C1 /* Pods_SafeBites.framework */ = {isa = PBXFileReference; explicitFileType = wrapper.framework; includeInIndex = 0; path = Pods_SafeBites.framework; sourceTree = BUILT_PRODUCTS_DIR; };
/* End PBXFileReference section */

/* Begin PBXFrameworksBuildPhase section */
		3F35863724DDD74300077AB0 /* Frameworks */ = {
			isa = PBXFrameworksBuildPhase;
			buildActionMask = 2147483647;
			files = (
				427E1070191014A46DF934B4 /* Pods_SafeBites.framework in Frameworks */,
			);
			runOnlyForDeploymentPostprocessing = 0;
		};
/* End PBXFrameworksBuildPhase section */

/* Begin PBXGroup section */
		31816D0BCBC983D3E754C885 /* Pods */ = {
			isa = PBXGroup;
			children = (
				C80711B229A0BED9F1D8625C /* Pods-SafeBites.debug.xcconfig */,
				0248B50C2B5B1383EA470F0E /* Pods-SafeBites.release.xcconfig */,
			);
			path = Pods;
			sourceTree = "<group>";
		};
		3F35863124DDD74300077AB0 = {
			isa = PBXGroup;
			children = (
				3F35863C24DDD74300077AB0 /* SafeBites */,
				3F35863B24DDD74300077AB0 /* Products */,
				31816D0BCBC983D3E754C885 /* Pods */,
				89AB656C2E14602B24E410DE /* Frameworks */,
			);
			sourceTree = "<group>";
		};
		3F35863B24DDD74300077AB0 /* Products */ = {
			isa = PBXGroup;
			children = (
				3F35863A24DDD74300077AB0 /* SafeBites.app */,
			);
			name = Products;
			sourceTree = "<group>";
		};
		3F35863C24DDD74300077AB0 /* SafeBites */ = {
			isa = PBXGroup;
			children = (
				3F35863D24DDD74300077AB0 /* AppDelegate.swift */,
				3F35863F24DDD74300077AB0 /* SceneDelegate.swift */,
				3F35864124DDD74300077AB0 /* FirstViewController.swift */,
				3F35864324DDD74300077AB0 /* SecondViewController.swift */,
				3F35864524DDD74300077AB0 /* Main.storyboard */,
				ACEFAAF62536B090006F9CE8 /* CustomSlider.swift */,
				3F35864824DDD74A00077AB0 /* Assets.xcassets */,
				AC57EC692526A1D900C362DD /* nameTableViewCell.swift */,
				3F35864A24DDD74A00077AB0 /* LaunchScreen.storyboard */,
				3F35864D24DDD74A00077AB0 /* Info.plist */,
				ACEFAAFA253799E8006F9CE8 /* GoogleService-Info.plist */,
				3F35865324DEA9BF00077AB0 /* LocationViewController.swift */,
				3F35865524DEB59600077AB0 /* PerillaViewController.swift */,
				3FAC39EB24E26E0E00584639 /* RatePerillaViewController.swift */,
				3F1CE21824E50F600069C15B /* ScoreViewController.swift */,
			);
			path = SafeBites;
			sourceTree = "<group>";
		};
		89AB656C2E14602B24E410DE /* Frameworks */ = {
			isa = PBXGroup;
			children = (
				F25E5DE2FAE03D8F7854D8C1 /* Pods_SafeBites.framework */,
			);
			name = Frameworks;
			sourceTree = "<group>";
		};
/* End PBXGroup section */

/* Begin PBXNativeTarget section */
		3F35863924DDD74300077AB0 /* SafeBites */ = {
			isa = PBXNativeTarget;
			buildConfigurationList = 3F35865024DDD74A00077AB0 /* Build configuration list for PBXNativeTarget "SafeBites" */;
			buildPhases = (
				ACEA24BA74131C8F40747310 /* [CP] Check Pods Manifest.lock */,
				3F35863624DDD74300077AB0 /* Sources */,
				3F35863724DDD74300077AB0 /* Frameworks */,
				3F35863824DDD74300077AB0 /* Resources */,
				3300A91372E6048D06CAB391 /* [CP] Embed Pods Frameworks */,
			);
			buildRules = (
			);
			dependencies = (
			);
			name = SafeBites;
			productName = SafeBites;
			productReference = 3F35863A24DDD74300077AB0 /* SafeBites.app */;
			productType = "com.apple.product-type.application";
		};
/* End PBXNativeTarget section */

/* Begin PBXProject section */
		3F35863224DDD74300077AB0 /* Project object */ = {
			isa = PBXProject;
			attributes = {
				LastSwiftUpdateCheck = 1130;
				LastUpgradeCheck = 1130;
				ORGANIZATIONNAME = Student;
				TargetAttributes = {
					3F35863924DDD74300077AB0 = {
						CreatedOnToolsVersion = 11.3.1;
					};
				};
			};
			buildConfigurationList = 3F35863524DDD74300077AB0 /* Build configuration list for PBXProject "SafeBites" */;
			compatibilityVersion = "Xcode 9.3";
			developmentRegion = en;
			hasScannedForEncodings = 0;
			knownRegions = (
				en,
				Base,
			);
			mainGroup = 3F35863124DDD74300077AB0;
			productRefGroup = 3F35863B24DDD74300077AB0 /* Products */;
			projectDirPath = "";
			projectRoot = "";
			targets = (
				3F35863924DDD74300077AB0 /* SafeBites */,
			);
		};
/* End PBXProject section */

/* Begin PBXResourcesBuildPhase section */
		3F35863824DDD74300077AB0 /* Resources */ = {
			isa = PBXResourcesBuildPhase;
			buildActionMask = 2147483647;
			files = (
				3F35864C24DDD74A00077AB0 /* LaunchScreen.storyboard in Resources */,
				ACEFAAFB253799E8006F9CE8 /* GoogleService-Info.plist in Resources */,
				3F35864924DDD74A00077AB0 /* Assets.xcassets in Resources */,
				3F35864724DDD74300077AB0 /* Main.storyboard in Resources */,
			);
			runOnlyForDeploymentPostprocessing = 0;
		};
/* End PBXResourcesBuildPhase section */

/* Begin PBXShellScriptBuildPhase section */
		3300A91372E6048D06CAB391 /* [CP] Embed Pods Frameworks */ = {
			isa = PBXShellScriptBuildPhase;
			buildActionMask = 2147483647;
			files = (
			);
			inputFileListPaths = (
				"${PODS_ROOT}/Target Support Files/Pods-SafeBites/Pods-SafeBites-frameworks-${CONFIGURATION}-input-files.xcfilelist",
			);
			name = "[CP] Embed Pods Frameworks";
			outputFileListPaths = (
				"${PODS_ROOT}/Target Support Files/Pods-SafeBites/Pods-SafeBites-frameworks-${CONFIGURATION}-output-files.xcfilelist",
			);
			runOnlyForDeploymentPostprocessing = 0;
			shellPath = /bin/sh;
			shellScript = "\"${PODS_ROOT}/Target Support Files/Pods-SafeBites/Pods-SafeBites-frameworks.sh\"\n";
			showEnvVarsInLog = 0;
		};
		ACEA24BA74131C8F40747310 /* [CP] Check Pods Manifest.lock */ = {
			isa = PBXShellScriptBuildPhase;
			buildActionMask = 2147483647;
			files = (
			);
			inputFileListPaths = (
			);
			inputPaths = (
				"${PODS_PODFILE_DIR_PATH}/Podfile.lock",
				"${PODS_ROOT}/Manifest.lock",
			);
			name = "[CP] Check Pods Manifest.lock";
			outputFileListPaths = (
			);
			outputPaths = (
				"$(DERIVED_FILE_DIR)/Pods-SafeBites-checkManifestLockResult.txt",
			);
			runOnlyForDeploymentPostprocessing = 0;
			shellPath = /bin/sh;
			shellScript = "diff \"${PODS_PODFILE_DIR_PATH}/Podfile.lock\" \"${PODS_ROOT}/Manifest.lock\" > /dev/null\nif [ $? != 0 ] ; then\n    # print error to STDERR\n    echo \"error: The sandbox is not in sync with the Podfile.lock. Run 'pod install' or update your CocoaPods installation.\" >&2\n    exit 1\nfi\n# This output is used by Xcode 'outputs' to avoid re-running this script phase.\necho \"SUCCESS\" > \"${SCRIPT_OUTPUT_FILE_0}\"\n";
			showEnvVarsInLog = 0;
		};
/* End PBXShellScriptBuildPhase section */

/* Begin PBXSourcesBuildPhase section */
		3F35863624DDD74300077AB0 /* Sources */ = {
			isa = PBXSourcesBuildPhase;
			buildActionMask = 2147483647;
			files = (
				3F35865624DEB59600077AB0 /* PerillaViewController.swift in Sources */,
				ACEFAAF72536B090006F9CE8 /* CustomSlider.swift in Sources */,
				3F35865424DEA9BF00077AB0 /* LocationViewController.swift in Sources */,
				3FAC39EC24E26E0E00584639 /* RatePerillaViewController.swift in Sources */,
				3F35864424DDD74300077AB0 /* SecondViewController.swift in Sources */,
				3F35864224DDD74300077AB0 /* FirstViewController.swift in Sources */,
				3F35863E24DDD74300077AB0 /* AppDelegate.swift in Sources */,
				3F35864024DDD74300077AB0 /* SceneDelegate.swift in Sources */,
				3F1CE21924E50F600069C15B /* ScoreViewController.swift in Sources */,
				AC57EC6A2526A1D900C362DD /* nameTableViewCell.swift in Sources */,
			);
			runOnlyForDeploymentPostprocessing = 0;
		};
/* End PBXSourcesBuildPhase section */

/* Begin PBXVariantGroup section */
		3F35864524DDD74300077AB0 /* Main.storyboard */ = {
			isa = PBXVariantGroup;
			children = (
				3F35864624DDD74300077AB0 /* Base */,
			);
			name = Main.storyboard;
			sourceTree = "<group>";
		};
		3F35864A24DDD74A00077AB0 /* LaunchScreen.storyboard */ = {
			isa = PBXVariantGroup;
			children = (
				3F35864B24DDD74A00077AB0 /* Base */,
			);
			name = LaunchScreen.storyboard;
			sourceTree = "<group>";
		};
/* End PBXVariantGroup section */

/* Begin XCBuildConfiguration section */
		3F35864E24DDD74A00077AB0 /* Debug */ = {
			isa = XCBuildConfiguration;
			buildSettings = {
				ALWAYS_SEARCH_USER_PATHS = NO;
				CLANG_ANALYZER_NONNULL = YES;
				CLANG_ANALYZER_NUMBER_OBJECT_CONVERSION = YES_AGGRESSIVE;
				CLANG_CXX_LANGUAGE_STANDARD = "gnu++14";
				CLANG_CXX_LIBRARY = "libc++";
				CLANG_ENABLE_MODULES = YES;
				CLANG_ENABLE_OBJC_ARC = YES;
				CLANG_ENABLE_OBJC_WEAK = YES;
				CLANG_WARN_BLOCK_CAPTURE_AUTORELEASING = YES;
				CLANG_WARN_BOOL_CONVERSION = YES;
				CLANG_WARN_COMMA = YES;
				CLANG_WARN_CONSTANT_CONVERSION = YES;
				CLANG_WARN_DEPRECATED_OBJC_IMPLEMENTATIONS = YES;
				CLANG_WARN_DIRECT_OBJC_ISA_USAGE = YES_ERROR;
				CLANG_WARN_DOCUMENTATION_COMMENTS = YES;
				CLANG_WARN_EMPTY_BODY = YES;
				CLANG_WARN_ENUM_CONVERSION = YES;
				CLANG_WARN_INFINITE_RECURSION = YES;
				CLANG_WARN_INT_CONVERSION = YES;
				CLANG_WARN_NON_LITERAL_NULL_CONVERSION = YES;
				CLANG_WARN_OBJC_IMPLICIT_RETAIN_SELF = YES;
				CLANG_WARN_OBJC_LITERAL_CONVERSION = YES;
				CLANG_WARN_OBJC_ROOT_CLASS = YES_ERROR;
				CLANG_WARN_RANGE_LOOP_ANALYSIS = YES;
				CLANG_WARN_STRICT_PROTOTYPES = YES;
				CLANG_WARN_SUSPICIOUS_MOVE = YES;
				CLANG_WARN_UNGUARDED_AVAILABILITY = YES_AGGRESSIVE;
				CLANG_WARN_UNREACHABLE_CODE = YES;
				CLANG_WARN__DUPLICATE_METHOD_MATCH = YES;
				COPY_PHASE_STRIP = NO;
				DEBUG_INFORMATION_FORMAT = dwarf;
				ENABLE_STRICT_OBJC_MSGSEND = YES;
				ENABLE_TESTABILITY = YES;
				GCC_C_LANGUAGE_STANDARD = gnu11;
				GCC_DYNAMIC_NO_PIC = NO;
				GCC_NO_COMMON_BLOCKS = YES;
				GCC_OPTIMIZATION_LEVEL = 0;
				GCC_PREPROCESSOR_DEFINITIONS = (
					"DEBUG=1",
					"$(inherited)",
				);
				GCC_WARN_64_TO_32_BIT_CONVERSION = YES;
				GCC_WARN_ABOUT_RETURN_TYPE = YES_ERROR;
				GCC_WARN_UNDECLARED_SELECTOR = YES;
				GCC_WARN_UNINITIALIZED_AUTOS = YES_AGGRESSIVE;
				GCC_WARN_UNUSED_FUNCTION = YES;
				GCC_WARN_UNUSED_VARIABLE = YES;
				IPHONEOS_DEPLOYMENT_TARGET = 13.2;
				MTL_ENABLE_DEBUG_INFO = INCLUDE_SOURCE;
				MTL_FAST_MATH = YES;
				ONLY_ACTIVE_ARCH = YES;
				SDKROOT = iphoneos;
				SWIFT_ACTIVE_COMPILATION_CONDITIONS = DEBUG;
				SWIFT_OPTIMIZATION_LEVEL = "-Onone";
			};
			name = Debug;
		};
		3F35864F24DDD74A00077AB0 /* Release */ = {
			isa = XCBuildConfiguration;
			buildSettings = {
				ALWAYS_SEARCH_USER_PATHS = NO;
				CLANG_ANALYZER_NONNULL = YES;
				CLANG_ANALYZER_NUMBER_OBJECT_CONVERSION = YES_AGGRESSIVE;
				CLANG_CXX_LANGUAGE_STANDARD = "gnu++14";
				CLANG_CXX_LIBRARY = "libc++";
				CLANG_ENABLE_MODULES = YES;
				CLANG_ENABLE_OBJC_ARC = YES;
				CLANG_ENABLE_OBJC_WEAK = YES;
				CLANG_WARN_BLOCK_CAPTURE_AUTORELEASING = YES;
				CLANG_WARN_BOOL_CONVERSION = YES;
				CLANG_WARN_COMMA = YES;
				CLANG_WARN_CONSTANT_CONVERSION = YES;
				CLANG_WARN_DEPRECATED_OBJC_IMPLEMENTATIONS = YES;
				CLANG_WARN_DIRECT_OBJC_ISA_USAGE = YES_ERROR;
				CLANG_WARN_DOCUMENTATION_COMMENTS = YES;
				CLANG_WARN_EMPTY_BODY = YES;
				CLANG_WARN_ENUM_CONVERSION = YES;
				CLANG_WARN_INFINITE_RECURSION = YES;
				CLANG_WARN_INT_CONVERSION = YES;
				CLANG_WARN_NON_LITERAL_NULL_CONVERSION = YES;
				CLANG_WARN_OBJC_IMPLICIT_RETAIN_SELF = YES;
				CLANG_WARN_OBJC_LITERAL_CONVERSION = YES;
				CLANG_WARN_OBJC_ROOT_CLASS = YES_ERROR;
				CLANG_WARN_RANGE_LOOP_ANALYSIS = YES;
				CLANG_WARN_STRICT_PROTOTYPES = YES;
				CLANG_WARN_SUSPICIOUS_MOVE = YES;
				CLANG_WARN_UNGUARDED_AVAILABILITY = YES_AGGRESSIVE;
				CLANG_WARN_UNREACHABLE_CODE = YES;
				CLANG_WARN__DUPLICATE_METHOD_MATCH = YES;
				COPY_PHASE_STRIP = NO;
				DEBUG_INFORMATION_FORMAT = "dwarf-with-dsym";
				ENABLE_NS_ASSERTIONS = NO;
				ENABLE_STRICT_OBJC_MSGSEND = YES;
				GCC_C_LANGUAGE_STANDARD = gnu11;
				GCC_NO_COMMON_BLOCKS = YES;
				GCC_WARN_64_TO_32_BIT_CONVERSION = YES;
				GCC_WARN_ABOUT_RETURN_TYPE = YES_ERROR;
				GCC_WARN_UNDECLARED_SELECTOR = YES;
				GCC_WARN_UNINITIALIZED_AUTOS = YES_AGGRESSIVE;
				GCC_WARN_UNUSED_FUNCTION = YES;
				GCC_WARN_UNUSED_VARIABLE = YES;
				IPHONEOS_DEPLOYMENT_TARGET = 13.2;
				MTL_ENABLE_DEBUG_INFO = NO;
				MTL_FAST_MATH = YES;
				SDKROOT = iphoneos;
				SWIFT_COMPILATION_MODE = wholemodule;
				SWIFT_OPTIMIZATION_LEVEL = "-O";
				VALIDATE_PRODUCT = YES;
			};
			name = Release;
		};
		3F35865124DDD74A00077AB0 /* Debug */ = {
			isa = XCBuildConfiguration;
			baseConfigurationReference = C80711B229A0BED9F1D8625C /* Pods-SafeBites.debug.xcconfig */;
			buildSettings = {
				ASSETCATALOG_COMPILER_APPICON_NAME = AppIcon;
				CODE_SIGN_STYLE = Automatic;
				DEVELOPMENT_TEAM = UNKJ4JTQGW;
				INFOPLIST_FILE = SafeBites/Info.plist;
				LD_RUNPATH_SEARCH_PATHS = (
					"$(inherited)",
					"@executable_path/Frameworks",
				);
				PRODUCT_BUNDLE_IDENTIFIER = com.anuheatao.SafeBites;
				PRODUCT_NAME = "$(TARGET_NAME)";
				SWIFT_VERSION = 5.0;
				TARGETED_DEVICE_FAMILY = "1,2";
			};
			name = Debug;
		};
		3F35865224DDD74A00077AB0 /* Release */ = {
			isa = XCBuildConfiguration;
			baseConfigurationReference = 0248B50C2B5B1383EA470F0E /* Pods-SafeBites.release.xcconfig */;
			buildSettings = {
				ASSETCATALOG_COMPILER_APPICON_NAME = AppIcon;
				CODE_SIGN_STYLE = Automatic;
				DEVELOPMENT_TEAM = UNKJ4JTQGW;
				INFOPLIST_FILE = SafeBites/Info.plist;
				LD_RUNPATH_SEARCH_PATHS = (
					"$(inherited)",
					"@executable_path/Frameworks",
				);
				PRODUCT_BUNDLE_IDENTIFIER = com.anuheatao.SafeBites;
				PRODUCT_NAME = "$(TARGET_NAME)";
				SWIFT_VERSION = 5.0;
				TARGETED_DEVICE_FAMILY = "1,2";
			};
			name = Release;
		};
/* End XCBuildConfiguration section */

/* Begin XCConfigurationList section */
		3F35863524DDD74300077AB0 /* Build configuration list for PBXProject "SafeBites" */ = {
			isa = XCConfigurationList;
			buildConfigurations = (
				3F35864E24DDD74A00077AB0 /* Debug */,
				3F35864F24DDD74A00077AB0 /* Release */,
			);
			defaultConfigurationIsVisible = 0;
			defaultConfigurationName = Release;
		};
		3F35865024DDD74A00077AB0 /* Build configuration list for PBXNativeTarget "SafeBites" */ = {
			isa = XCConfigurationList;
			buildConfigurations = (
				3F35865124DDD74A00077AB0 /* Debug */,
				3F35865224DDD74A00077AB0 /* Release */,
			);
			defaultConfigurationIsVisible = 0;
			defaultConfigurationName = Release;
		};
/* End XCConfigurationList section */
	};
	rootObject = 3F35863224DDD74300077AB0 /* Project object */;
}
